// !$*UTF8*$!
{
	archiveVersion = 1;
	classes = {
	};
	objectVersion = 50;
	objects = {

/* Begin PBXBuildFile section */
		B207465324D401C60015A90C /* AppDelegate.swift in Sources */ = {isa = PBXBuildFile; fileRef = B207465224D401C60015A90C /* AppDelegate.swift */; };
		B207465524D401C60015A90C /* SceneDelegate.swift in Sources */ = {isa = PBXBuildFile; fileRef = B207465424D401C60015A90C /* SceneDelegate.swift */; };
		B207465724D401C60015A90C /* ViewController.swift in Sources */ = {isa = PBXBuildFile; fileRef = B207465624D401C60015A90C /* ViewController.swift */; };
		B207465A24D401C60015A90C /* Main.storyboard in Resources */ = {isa = PBXBuildFile; fileRef = B207465824D401C60015A90C /* Main.storyboard */; };
		B207465C24D401C60015A90C /* Assets.xcassets in Resources */ = {isa = PBXBuildFile; fileRef = B207465B24D401C60015A90C /* Assets.xcassets */; };
		B207465F24D401C60015A90C /* LaunchScreen.storyboard in Resources */ = {isa = PBXBuildFile; fileRef = B207465D24D401C60015A90C /* LaunchScreen.storyboard */; };
		BE6CD71698864B66B78C36F4 /* Pods_InstallPods.framework in Frameworks */ = {isa = PBXBuildFile; fileRef = 2E8E4B37261521CCF613F936 /* Pods_InstallPods.framework */; };
/* End PBXBuildFile section */

/* Begin PBXFileReference section */
		2E8E4B37261521CCF613F936 /* Pods_InstallPods.framework */ = {isa = PBXFileReference; explicitFileType = wrapper.framework; includeInIndex = 0; path = Pods_InstallPods.framework; sourceTree = BUILT_PRODUCTS_DIR; };
		3D569D58C7931E7DB4D9E0C7 /* Pods-InstallPods.debug.xcconfig */ = {isa = PBXFileReference; includeInIndex = 1; lastKnownFileType = text.xcconfig; name = "Pods-InstallPods.debug.xcconfig"; path = "Target Support Files/Pods-InstallPods/Pods-InstallPods.debug.xcconfig"; sourceTree = "<group>"; };
		6AEEC4C3E3E8717F0A3EB9F9 /* Pods-InstallPods.release.xcconfig */ = {isa = PBXFileReference; includeInIndex = 1; lastKnownFileType = text.xcconfig; name = "Pods-InstallPods.release.xcconfig"; path = "Target Support Files/Pods-InstallPods/Pods-InstallPods.release.xcconfig"; sourceTree = "<group>"; };
		B207464F24D401C60015A90C /* InstallPods.app */ = {isa = PBXFileReference; explicitFileType = wrapper.application; includeInIndex = 0; path = InstallPods.app; sourceTree = BUILT_PRODUCTS_DIR; };
		B207465224D401C60015A90C /* AppDelegate.swift */ = {isa = PBXFileReference; lastKnownFileType = sourcecode.swift; path = AppDelegate.swift; sourceTree = "<group>"; };
		B207465424D401C60015A90C /* SceneDelegate.swift */ = {isa = PBXFileReference; lastKnownFileType = sourcecode.swift; path = SceneDelegate.swift; sourceTree = "<group>"; };
		B207465624D401C60015A90C /* ViewController.swift */ = {isa = PBXFileReference; lastKnownFileType = sourcecode.swift; path = ViewController.swift; sourceTree = "<group>"; };
		B207465924D401C60015A90C /* Base */ = {isa = PBXFileReference; lastKnownFileType = file.storyboard; name = Base; path = Base.lproj/Main.storyboard; sourceTree = "<group>"; };
		B207465B24D401C60015A90C /* Assets.xcassets */ = {isa = PBXFileReference; lastKnownFileType = folder.assetcatalog; path = Assets.xcassets; sourceTree = "<group>"; };
		B207465E24D401C60015A90C /* Base */ = {isa = PBXFileReference; lastKnownFileType = file.storyboard; name = Base; path = Base.lproj/LaunchScreen.storyboard; sourceTree = "<group>"; };
		B207466024D401C60015A90C /* Info.plist */ = {isa = PBXFileReference; lastKnownFileType = text.plist.xml; path = Info.plist; sourceTree = "<group>"; };
/* End PBXFileReference section */

/* Begin PBXFrameworksBuildPhase section */
		B207464C24D401C60015A90C /* Frameworks */ = {
			isa = PBXFrameworksBuildPhase;
			buildActionMask = 2147483647;
			files = (
				BE6CD71698864B66B78C36F4 /* Pods_InstallPods.framework in Frameworks */,
			);
			runOnlyForDeploymentPostprocessing = 0;
		};
/* End PBXFrameworksBuildPhase section */

/* Begin PBXGroup section */
		2F1C1064197653A32BD458EF /* Frameworks */ = {
			isa = PBXGroup;
			children = (
				2E8E4B37261521CCF613F936 /* Pods_InstallPods.framework */,
			);
			name = Frameworks;
			sourceTree = "<group>";
		};
		327EB893F3079F1866A665AC /* Pods */ = {
			isa = PBXGroup;
			children = (
				3D569D58C7931E7DB4D9E0C7 /* Pods-InstallPods.debug.xcconfig */,
				6AEEC4C3E3E8717F0A3EB9F9 /* Pods-InstallPods.release.xcconfig */,
			);
			name = Pods;
			path = Pods;
			sourceTree = "<group>";
		};
		B207464624D401C60015A90C = {
			isa = PBXGroup;
			children = (
				B207465124D401C60015A90C /* InstallPods */,
				B207465024D401C60015A90C /* Products */,
				327EB893F3079F1866A665AC /* Pods */,
				2F1C1064197653A32BD458EF /* Frameworks */,
			);
			sourceTree = "<group>";
		};
		B207465024D401C60015A90C /* Products */ = {
			isa = PBXGroup;
			children = (
				B207464F24D401C60015A90C /* InstallPods.app */,
			);
			name = Products;
			sourceTree = "<group>";
		};
		B207465124D401C60015A90C /* InstallPods */ = {
			isa = PBXGroup;
			children = (
				B207465224D401C60015A90C /* AppDelegate.swift */,
				B207465424D401C60015A90C /* SceneDelegate.swift */,
				B207465624D401C60015A90C /* ViewController.swift */,
				B207465824D401C60015A90C /* Main.storyboard */,
				B207465B24D401C60015A90C /* Assets.xcassets */,
				B207465D24D401C60015A90C /* LaunchScreen.storyboard */,
				B207466024D401C60015A90C /* Info.plist */,
			);
			path = InstallPods;
			sourceTree = "<group>";
		};
/* End PBXGroup section */

/* Begin PBXNativeTarget section */
		B207464E24D401C60015A90C /* InstallPods */ = {
			isa = PBXNativeTarget;
			buildConfigurationList = B207466324D401C60015A90C /* Build configuration list for PBXNativeTarget "InstallPods" */;
			buildPhases = (
				CEB45EE4D8E4FC3A04538211 /* [CP] Check Pods Manifest.lock */,
				B207464B24D401C60015A90C /* Sources */,
				B207464C24D401C60015A90C /* Frameworks */,
				B207464D24D401C60015A90C /* Resources */,
				BC5FF1511B23F43119ACF5EE /* [CP] Embed Pods Frameworks */,
			);
			buildRules = (
			);
			dependencies = (
			);
			name = InstallPods;
			productName = InstallPods;
			productReference = B207464F24D401C60015A90C /* InstallPods.app */;
			productType = "com.apple.product-type.application";
		};
/* End PBXNativeTarget section */

/* Begin PBXProject section */
		B207464724D401C60015A90C /* Project object */ = {
			isa = PBXProject;
			attributes = {
				LastSwiftUpdateCheck = 1160;
				LastUpgradeCheck = 1160;
				ORGANIZATIONNAME = blazeapps;
				TargetAttributes = {
					B207464E24D401C60015A90C = {
						CreatedOnToolsVersion = 11.6;
					};
				};
			};
			buildConfigurationList = B207464A24D401C60015A90C /* Build configuration list for PBXProject "InstallPods" */;
			compatibilityVersion = "Xcode 9.3";
			developmentRegion = en;
			hasScannedForEncodings = 0;
			knownRegions = (
				en,
				Base,
			);
			mainGroup = B207464624D401C60015A90C;
			productRefGroup = B207465024D401C60015A90C /* Products */;
			projectDirPath = "";
			projectRoot = "";
			targets = (
				B207464E24D401C60015A90C /* InstallPods */,
			);
		};
/* End PBXProject section */

/* Begin PBXResourcesBuildPhase section */
		B207464D24D401C60015A90C /* Resources */ = {
			isa = PBXResourcesBuildPhase;
			buildActionMask = 2147483647;
			files = (
				B207465F24D401C60015A90C /* LaunchScreen.storyboard in Resources */,
				B207465C24D401C60015A90C /* Assets.xcassets in Resources */,
				B207465A24D401C60015A90C /* Main.storyboard in Resources */,
			);
			runOnlyForDeploymentPostprocessing = 0;
		};
/* End PBXResourcesBuildPhase section */

/* Begin PBXShellScriptBuildPhase section */
		BC5FF1511B23F43119ACF5EE /* [CP] Embed Pods Frameworks */ = {
			isa = PBXShellScriptBuildPhase;
			buildActionMask = 2147483647;
			files = (
			);
			inputFileListPaths = (
				"${PODS_ROOT}/Target Support Files/Pods-InstallPods/Pods-InstallPods-frameworks-${CONFIGURATION}-input-files.xcfilelist",
			);
			name = "[CP] Embed Pods Frameworks";
			outputFileListPaths = (
				"${PODS_ROOT}/Target Support Files/Pods-InstallPods/Pods-InstallPods-frameworks-${CONFIGURATION}-output-files.xcfilelist",
			);
			runOnlyForDeploymentPostprocessing = 0;
			shellPath = /bin/sh;
			shellScript = "\"${PODS_ROOT}/Target Support Files/Pods-InstallPods/Pods-InstallPods-frameworks.sh\"\n";
			showEnvVarsInLog = 0;
		};
		CEB45EE4D8E4FC3A04538211 /* [CP] Check Pods Manifest.lock */ = {
			isa = PBXShellScriptBuildPhase;
			buildActionMask = 2147483647;
			files = (
			);
			inputFileListPaths = (
			);
			inputPaths = (
				"${PODS_PODFILE_DIR_PATH}/Podfile.lock",
				"${PODS_ROOT}/Manifest.lock",
			);
			name = "[CP] Check Pods Manifest.lock";
			outputFileListPaths = (
			);
			outputPaths = (
				"$(DERIVED_FILE_DIR)/Pods-InstallPods-checkManifestLockResult.txt",
			);
			runOnlyForDeploymentPostprocessing = 0;
			shellPath = /bin/sh;
			shellScript = "diff \"${PODS_PODFILE_DIR_PATH}/Podfile.lock\" \"${PODS_ROOT}/Manifest.lock\" > /dev/null\nif [ $? != 0 ] ; then\n    # print error to STDERR\n    echo \"error: The sandbox is not in sync with the Podfile.lock. Run 'pod install' or update your CocoaPods installation.\" >&2\n    exit 1\nfi\n# This output is used by Xcode 'outputs' to avoid re-running this script phase.\necho \"SUCCESS\" > \"${SCRIPT_OUTPUT_FILE_0}\"\n";
			showEnvVarsInLog = 0;
		};
/* End PBXShellScriptBuildPhase section */

/* Begin PBXSourcesBuildPhase section */
		B207464B24D401C60015A90C /* Sources */ = {
			isa = PBXSourcesBuildPhase;
			buildActionMask = 2147483647;
			files = (
				B207465724D401C60015A90C /* ViewController.swift in Sources */,
				B207465324D401C60015A90C /* AppDelegate.swift in Sources */,
				B207465524D401C60015A90C /* SceneDelegate.swift in Sources */,
			);
			runOnlyForDeploymentPostprocessing = 0;
		};
/* End PBXSourcesBuildPhase section */

/* Begin PBXVariantGroup section */
		B207465824D401C60015A90C /* Main.storyboard */ = {
			isa = PBXVariantGroup;
			children = (
				B207465924D401C60015A90C /* Base */,
			);
			name = Main.storyboard;
			sourceTree = "<group>";
		};
		B207465D24D401C60015A90C /* LaunchScreen.storyboard */ = {
			isa = PBXVariantGroup;
			children = (
				B207465E24D401C60015A90C /* Base */,
			);
			name = LaunchScreen.storyboard;
			sourceTree = "<group>";
		};
/* End PBXVariantGroup section */

/* Begin XCBuildConfiguration section */
		B207466124D401C60015A90C /* Debug */ = {
			isa = XCBuildConfiguration;
			buildSettings = {
				ALWAYS_SEARCH_USER_PATHS = NO;
				CLANG_ANALYZER_NONNULL = YES;
				CLANG_ANALYZER_NUMBER_OBJECT_CONVERSION = YES_AGGRESSIVE;
				CLANG_CXX_LANGUAGE_STANDARD = "gnu++14";
				CLANG_CXX_LIBRARY = "libc++";
				CLANG_ENABLE_MODULES = YES;
				CLANG_ENABLE_OBJC_ARC = YES;
				CLANG_ENABLE_OBJC_WEAK = YES;
				CLANG_WARN_BLOCK_CAPTURE_AUTORELEASING = YES;
				CLANG_WARN_BOOL_CONVERSION = YES;
				CLANG_WARN_COMMA = YES;
				CLANG_WARN_CONSTANT_CONVERSION = YES;
				CLANG_WARN_DEPRECATED_OBJC_IMPLEMENTATIONS = YES;
				CLANG_WARN_DIRECT_OBJC_ISA_USAGE = YES_ERROR;
				CLANG_WARN_DOCUMENTATION_COMMENTS = YES;
				CLANG_WARN_EMPTY_BODY = YES;
				CLANG_WARN_ENUM_CONVERSION = YES;
				CLANG_WARN_INFINITE_RECURSION = YES;
				CLANG_WARN_INT_CONVERSION = YES;
				CLANG_WARN_NON_LITERAL_NULL_CONVERSION = YES;
				CLANG_WARN_OBJC_IMPLICIT_RETAIN_SELF = YES;
				CLANG_WARN_OBJC_LITERAL_CONVERSION = YES;
				CLANG_WARN_OBJC_ROOT_CLASS = YES_ERROR;
				CLANG_WARN_RANGE_LOOP_ANALYSIS = YES;
				CLANG_WARN_STRICT_PROTOTYPES = YES;
				CLANG_WARN_SUSPICIOUS_MOVE = YES;
				CLANG_WARN_UNGUARDED_AVAILABILITY = YES_AGGRESSIVE;
				CLANG_WARN_UNREACHABLE_CODE = YES;
				CLANG_WARN__DUPLICATE_METHOD_MATCH = YES;
				COPY_PHASE_STRIP = NO;
				DEBUG_INFORMATION_FORMAT = dwarf;
				ENABLE_STRICT_OBJC_MSGSEND = YES;
				ENABLE_TESTABILITY = YES;
				GCC_C_LANGUAGE_STANDARD = gnu11;
				GCC_DYNAMIC_NO_PIC = NO;
				GCC_NO_COMMON_BLOCKS = YES;
				GCC_OPTIMIZATION_LEVEL = 0;
				GCC_PREPROCESSOR_DEFINITIONS = (
					"DEBUG=1",
					"$(inherited)",
				);
				GCC_WARN_64_TO_32_BIT_CONVERSION = YES;
				GCC_WARN_ABOUT_RETURN_TYPE = YES_ERROR;
				GCC_WARN_UNDECLARED_SELECTOR = YES;
				GCC_WARN_UNINITIALIZED_AUTOS = YES_AGGRESSIVE;
				GCC_WARN_UNUSED_FUNCTION = YES;
				GCC_WARN_UNUSED_VARIABLE = YES;
				IPHONEOS_DEPLOYMENT_TARGET = 13.6;
				MTL_ENABLE_DEBUG_INFO = INCLUDE_SOURCE;
				MTL_FAST_MATH = YES;
				ONLY_ACTIVE_ARCH = YES;
				SDKROOT = iphoneos;
				SWIFT_ACTIVE_COMPILATION_CONDITIONS = DEBUG;
				SWIFT_OPTIMIZATION_LEVEL = "-Onone";
			};
			name = Debug;
		};
		B207466224D401C60015A90C /* Release */ = {
			isa = XCBuildConfiguration;
			buildSettings = {
				ALWAYS_SEARCH_USER_PATHS = NO;
				CLANG_ANALYZER_NONNULL = YES;
				CLANG_ANALYZER_NUMBER_OBJECT_CONVERSION = YES_AGGRESSIVE;
				CLANG_CXX_LANGUAGE_STANDARD = "gnu++14";
				CLANG_CXX_LIBRARY = "libc++";
				CLANG_ENABLE_MODULES = YES;
				CLANG_ENABLE_OBJC_ARC = YES;
				CLANG_ENABLE_OBJC_WEAK = YES;
				CLANG_WARN_BLOCK_CAPTURE_AUTORELEASING = YES;
				CLANG_WARN_BOOL_CONVERSION = YES;
				CLANG_WARN_COMMA = YES;
				CLANG_WARN_CONSTANT_CONVERSION = YES;
				CLANG_WARN_DEPRECATED_OBJC_IMPLEMENTATIONS = YES;
				CLANG_WARN_DIRECT_OBJC_ISA_USAGE = YES_ERROR;
				CLANG_WARN_DOCUMENTATION_COMMENTS = YES;
				CLANG_WARN_EMPTY_BODY = YES;
				CLANG_WARN_ENUM_CONVERSION = YES;
				CLANG_WARN_INFINITE_RECURSION = YES;
				CLANG_WARN_INT_CONVERSION = YES;
				CLANG_WARN_NON_LITERAL_NULL_CONVERSION = YES;
				CLANG_WARN_OBJC_IMPLICIT_RETAIN_SELF = YES;
				CLANG_WARN_OBJC_LITERAL_CONVERSION = YES;
				CLANG_WARN_OBJC_ROOT_CLASS = YES_ERROR;
				CLANG_WARN_RANGE_LOOP_ANALYSIS = YES;
				CLANG_WARN_STRICT_PROTOTYPES = YES;
				CLANG_WARN_SUSPICIOUS_MOVE = YES;
				CLANG_WARN_UNGUARDED_AVAILABILITY = YES_AGGRESSIVE;
				CLANG_WARN_UNREACHABLE_CODE = YES;
				CLANG_WARN__DUPLICATE_METHOD_MATCH = YES;
				COPY_PHASE_STRIP = NO;
				DEBUG_INFORMATION_FORMAT = "dwarf-with-dsym";
				ENABLE_NS_ASSERTIONS = NO;
				ENABLE_STRICT_OBJC_MSGSEND = YES;
				GCC_C_LANGUAGE_STANDARD = gnu11;
				GCC_NO_COMMON_BLOCKS = YES;
				GCC_WARN_64_TO_32_BIT_CONVERSION = YES;
				GCC_WARN_ABOUT_RETURN_TYPE = YES_ERROR;
				GCC_WARN_UNDECLARED_SELECTOR = YES;
				GCC_WARN_UNINITIALIZED_AUTOS = YES_AGGRESSIVE;
				GCC_WARN_UNUSED_FUNCTION = YES;
				GCC_WARN_UNUSED_VARIABLE = YES;
				IPHONEOS_DEPLOYMENT_TARGET = 13.6;
				MTL_ENABLE_DEBUG_INFO = NO;
				MTL_FAST_MATH = YES;
				SDKROOT = iphoneos;
				SWIFT_COMPILATION_MODE = wholemodule;
				SWIFT_OPTIMIZATION_LEVEL = "-O";
				VALIDATE_PRODUCT = YES;
			};
			name = Release;
		};
		B207466424D401C60015A90C /* Debug */ = {
			isa = XCBuildConfiguration;
			baseConfigurationReference = 3D569D58C7931E7DB4D9E0C7 /* Pods-InstallPods.debug.xcconfig */;
			buildSettings = {
				ASSETCATALOG_COMPILER_APPICON_NAME = AppIcon;
				CODE_SIGN_STYLE = Automatic;
				INFOPLIST_FILE = InstallPods/Info.plist;
				LD_RUNPATH_SEARCH_PATHS = (
					"$(inherited)",
					"@executable_path/Frameworks",
				);
				PRODUCT_BUNDLE_IDENTIFIER = com.blazeapps.InstallPods;
				PRODUCT_NAME = "$(TARGET_NAME)";
				SWIFT_VERSION = 5.0;
				TARGETED_DEVICE_FAMILY = "1,2";
			};
			name = Debug;
		};
		B207466524D401C60015A90C /* Release */ = {
			isa = XCBuildConfiguration;
			baseConfigurationReference = 6AEEC4C3E3E8717F0A3EB9F9 /* Pods-InstallPods.release.xcconfig */;
			buildSettings = {
				ASSETCATALOG_COMPILER_APPICON_NAME = AppIcon;
				CODE_SIGN_STYLE = Automatic;
				INFOPLIST_FILE = InstallPods/Info.plist;
				LD_RUNPATH_SEARCH_PATHS = (
					"$(inherited)",
					"@executable_path/Frameworks",
				);
				PRODUCT_BUNDLE_IDENTIFIER = com.blazeapps.InstallPods;
				PRODUCT_NAME = "$(TARGET_NAME)";
				SWIFT_VERSION = 5.0;
				TARGETED_DEVICE_FAMILY = "1,2";
			};
			name = Release;
		};
/* End XCBuildConfiguration section */

/* Begin XCConfigurationList section */
		B207464A24D401C60015A90C /* Build configuration list for PBXProject "InstallPods" */ = {
			isa = XCConfigurationList;
			buildConfigurations = (
				B207466124D401C60015A90C /* Debug */,
				B207466224D401C60015A90C /* Release */,
			);
			defaultConfigurationIsVisible = 0;
			defaultConfigurationName = Release;
		};
		B207466324D401C60015A90C /* Build configuration list for PBXNativeTarget "InstallPods" */ = {
			isa = XCConfigurationList;
			buildConfigurations = (
				B207466424D401C60015A90C /* Debug */,
				B207466524D401C60015A90C /* Release */,
			);
			defaultConfigurationIsVisible = 0;
			defaultConfigurationName = Release;
		};
/* End XCConfigurationList section */
	};
	rootObject = B207464724D401C60015A90C /* Project object */;
}
